
Microsoft Visual Studio Solution File, Format Version 12.00
# Visual Studio Version 17
VisualStudioVersion = 17.14.36212.18 d17.14
MinimumVisualStudioVersion = 10.0.40219.1
Project("{8BC9CEB8-8B4A-11D0-8D11-00A0C91BC942}") = "机房预约系统", "机房预约系统\机房预约系统.vcxproj", "{66B2CA82-7006-4D39-B6D3-BF92FE25D829}"
EndProject
Global
	GlobalSection(SolutionConfigurationPlatforms) = preSolution
		Debug|x64 = Debug|x64
		Debug|x86 = Debug|x86
		Release|x64 = Release|x64
		Release|x86 = Release|x86
	EndGlobalSection
	GlobalSection(ProjectConfigurationPlatforms) = postSolution
		{66B2CA82-7006-4D39-B6D3-BF92FE25D829}.Debug|x64.ActiveCfg = Debug|x64
		{66B2CA82-7006-4D39-B6D3-BF92FE25D829}.Debug|x64.Build.0 = Debug|x64
		{66B2CA82-7006-4D39-B6D3-BF92FE25D829}.Debug|x86.ActiveCfg = Debug|Win32
		{66B2CA82-7006-4D39-B6D3-BF92FE25D829}.Debug|x86.Build.0 = Debug|Win32
		{66B2CA82-7006-4D39-B6D3-BF92FE25D829}.Release|x64.ActiveCfg = Release|x64
		{66B2CA82-7006-4D39-B6D3-BF92FE25D829}.Release|x64.Build.0 = Release|x64
		{66B2CA82-7006-4D39-B6D3-BF92FE25D829}.Release|x86.ActiveCfg = Release|Win32
		{66B2CA82-7006-4D39-B6D3-BF92FE25D829}.Release|x86.Build.0 = Release|Win32
	EndGlobalSection
	GlobalSection(SolutionProperties) = preSolution
		HideSolutionNode = FALSE
	EndGlobalSection
	GlobalSection(ExtensibilityGlobals) = postSolution
		SolutionGuid = {7CC848D8-5402-4DB7-9698-71CFB92F65B2}
	EndGlobalSection
EndGlobal
